// !$*UTF8*$!
{
	archiveVersion = 1;
	classes = {
	};
	objectVersion = 77;
	objects = {

/* Begin PBXContainerItemProxy section */
		CC3EE33A2D8BEC5200A64A09 /* PBXContainerItemProxy */ = {
			isa = PBXContainerItemProxy;
			containerPortal = CC3EE3212D8BEC4D00A64A09 /* Project object */;
			proxyType = 1;
			remoteGlobalIDString = CC3EE3282D8BEC4D00A64A09;
			remoteInfo = AvalonAI;
		};
		CC3EE3442D8BEC5200A64A09 /* PBXContainerItemProxy */ = {
			isa = PBXContainerItemProxy;
			containerPortal = CC3EE3212D8BEC4D00A64A09 /* Project object */;
			proxyType = 1;
			remoteGlobalIDString = CC3EE3282D8BEC4D00A64A09;
			remoteInfo = AvalonAI;
		};
/* End PBXContainerItemProxy section */

/* Begin PBXFileReference section */
		CC3EE3292D8BEC4D00A64A09 /* AvalonAI.app */ = {isa = PBXFileReference; explicitFileType = wrapper.application; includeInIndex = 0; path = AvalonAI.app; sourceTree = BUILT_PRODUCTS_DIR; };
		CC3EE3392D8BEC5200A64A09 /* AvalonAITests.xctest */ = {isa = PBXFileReference; explicitFileType = wrapper.cfbundle; includeInIndex = 0; path = AvalonAITests.xctest; sourceTree = BUILT_PRODUCTS_DIR; };
		CC3EE3432D8BEC5200A64A09 /* AvalonAIUITests.xctest */ = {isa = PBXFileReference; explicitFileType = wrapper.cfbundle; includeInIndex = 0; path = AvalonAIUITests.xctest; sourceTree = BUILT_PRODUCTS_DIR; };
/* End PBXFileReference section */

/* Begin PBXFileSystemSynchronizedBuildFileExceptionSet section */
		CC3EE3A02D9BC35900A64A09 /* Exceptions for "AvalonAI" folder in "AvalonAI" target */ = {
			isa = PBXFileSystemSynchronizedBuildFileExceptionSet;
			membershipExceptions = (
				Info.plist,
			);
			target = CC3EE3282D8BEC4D00A64A09 /* AvalonAI */;
		};
/* End PBXFileSystemSynchronizedBuildFileExceptionSet section */

/* Begin PBXFileSystemSynchronizedRootGroup section */
		CC3EE32B2D8BEC4D00A64A09 /* AvalonAI */ = {
			isa = PBXFileSystemSynchronizedRootGroup;
			exceptions = (
				CC3EE3A02D9BC35900A64A09 /* Exceptions for "AvalonAI" folder in "AvalonAI" target */,
			);
			path = AvalonAI;
			sourceTree = "<group>";
		};
		CC3EE33C2D8BEC5200A64A09 /* AvalonAITests */ = {
			isa = PBXFileSystemSynchronizedRootGroup;
			path = AvalonAITests;
			sourceTree = "<group>";
		};
		CC3EE3462D8BEC5200A64A09 /* AvalonAIUITests */ = {
			isa = PBXFileSystemSynchronizedRootGroup;
			path = AvalonAIUITests;
			sourceTree = "<group>";
		};
/* End PBXFileSystemSynchronizedRootGroup section */

/* Begin PBXFrameworksBuildPhase section */
		CC3EE3262D8BEC4D00A64A09 /* Frameworks */ = {
			isa = PBXFrameworksBuildPhase;
			buildActionMask = 2147483647;
			files = (
			);
			runOnlyForDeploymentPostprocessing = 0;
		};
		CC3EE3362D8BEC5200A64A09 /* Frameworks */ = {
			isa = PBXFrameworksBuildPhase;
			buildActionMask = 2147483647;
			files = (
			);
			runOnlyForDeploymentPostprocessing = 0;
		};
		CC3EE3402D8BEC5200A64A09 /* Frameworks */ = {
			isa = PBXFrameworksBuildPhase;
			buildActionMask = 2147483647;
			files = (
			);
			runOnlyForDeploymentPostprocessing = 0;
		};
/* End PBXFrameworksBuildPhase section */

/* Begin PBXGroup section */
		CC3EE3202D8BEC4D00A64A09 = {
			isa = PBXGroup;
			children = (
				CC3EE32B2D8BEC4D00A64A09 /* AvalonAI */,
				CC3EE33C2D8BEC5200A64A09 /* AvalonAITests */,
				CC3EE3462D8BEC5200A64A09 /* AvalonAIUITests */,
				CC3EE32A2D8BEC4D00A64A09 /* Products */,
			);
			sourceTree = "<group>";
		};
		CC3EE32A2D8BEC4D00A64A09 /* Products */ = {
			isa = PBXGroup;
			children = (
				CC3EE3292D8BEC4D00A64A09 /* AvalonAI.app */,
				CC3EE3392D8BEC5200A64A09 /* AvalonAITests.xctest */,
				CC3EE3432D8BEC5200A64A09 /* AvalonAIUITests.xctest */,
			);
			name = Products;
			sourceTree = "<group>";
		};
/* End PBXGroup section */

/* Begin PBXNativeTarget section */
		CC3EE3282D8BEC4D00A64A09 /* AvalonAI */ = {
			isa = PBXNativeTarget;
			buildConfigurationList = CC3EE34D2D8BEC5200A64A09 /* Build configuration list for PBXNativeTarget "AvalonAI" */;
			buildPhases = (
				CC3EE3252D8BEC4D00A64A09 /* Sources */,
				CC3EE3262D8BEC4D00A64A09 /* Frameworks */,
				CC3EE3272D8BEC4D00A64A09 /* Resources */,
			);
			buildRules = (
			);
			dependencies = (
			);
			fileSystemSynchronizedGroups = (
				CC3EE32B2D8BEC4D00A64A09 /* AvalonAI */,
			);
			name = AvalonAI;
			packageProductDependencies = (
			);
			productName = AvalonAI;
			productReference = CC3EE3292D8BEC4D00A64A09 /* AvalonAI.app */;
			productType = "com.apple.product-type.application";
		};
		CC3EE3382D8BEC5200A64A09 /* AvalonAITests */ = {
			isa = PBXNativeTarget;
			buildConfigurationList = CC3EE3502D8BEC5200A64A09 /* Build configuration list for PBXNativeTarget "AvalonAITests" */;
			buildPhases = (
				CC3EE3352D8BEC5200A64A09 /* Sources */,
				CC3EE3362D8BEC5200A64A09 /* Frameworks */,
				CC3EE3372D8BEC5200A64A09 /* Resources */,
			);
			buildRules = (
			);
			dependencies = (
				CC3EE33B2D8BEC5200A64A09 /* PBXTargetDependency */,
			);
			fileSystemSynchronizedGroups = (
				CC3EE33C2D8BEC5200A64A09 /* AvalonAITests */,
			);
			name = AvalonAITests;
			packageProductDependencies = (
			);
			productName = AvalonAITests;
			productReference = CC3EE3392D8BEC5200A64A09 /* AvalonAITests.xctest */;
			productType = "com.apple.product-type.bundle.unit-test";
		};
		CC3EE3422D8BEC5200A64A09 /* AvalonAIUITests */ = {
			isa = PBXNativeTarget;
			buildConfigurationList = CC3EE3532D8BEC5200A64A09 /* Build configuration list for PBXNativeTarget "AvalonAIUITests" */;
			buildPhases = (
				CC3EE33F2D8BEC5200A64A09 /* Sources */,
				CC3EE3402D8BEC5200A64A09 /* Frameworks */,
				CC3EE3412D8BEC5200A64A09 /* Resources */,
			);
			buildRules = (
			);
			dependencies = (
				CC3EE3452D8BEC5200A64A09 /* PBXTargetDependency */,
			);
			fileSystemSynchronizedGroups = (
				CC3EE3462D8BEC5200A64A09 /* AvalonAIUITests */,
			);
			name = AvalonAIUITests;
			packageProductDependencies = (
			);
			productName = AvalonAIUITests;
			productReference = CC3EE3432D8BEC5200A64A09 /* AvalonAIUITests.xctest */;
			productType = "com.apple.product-type.bundle.ui-testing";
		};
/* End PBXNativeTarget section */

/* Begin PBXProject section */
		CC3EE3212D8BEC4D00A64A09 /* Project object */ = {
			isa = PBXProject;
			attributes = {
				BuildIndependentTargetsInParallel = 1;
				LastSwiftUpdateCheck = 1620;
				LastUpgradeCheck = 1620;
				TargetAttributes = {
					CC3EE3282D8BEC4D00A64A09 = {
						CreatedOnToolsVersion = 16.2;
					};
					CC3EE3382D8BEC5200A64A09 = {
						CreatedOnToolsVersion = 16.2;
						TestTargetID = CC3EE3282D8BEC4D00A64A09;
					};
					CC3EE3422D8BEC5200A64A09 = {
						CreatedOnToolsVersion = 16.2;
						TestTargetID = CC3EE3282D8BEC4D00A64A09;
					};
				};
			};
			buildConfigurationList = CC3EE3242D8BEC4D00A64A09 /* Build configuration list for PBXProject "AvalonAI" */;
			developmentRegion = en;
			hasScannedForEncodings = 0;
			knownRegions = (
				en,
				Base,
			);
			mainGroup = CC3EE3202D8BEC4D00A64A09;
			minimizedProjectReferenceProxies = 1;
			preferredProjectObjectVersion = 77;
			productRefGroup = CC3EE32A2D8BEC4D00A64A09 /* Products */;
			projectDirPath = "";
			projectRoot = "";
			targets = (
				CC3EE3282D8BEC4D00A64A09 /* AvalonAI */,
				CC3EE3382D8BEC5200A64A09 /* AvalonAITests */,
				CC3EE3422D8BEC5200A64A09 /* AvalonAIUITests */,
			);
		};
/* End PBXProject section */

/* Begin PBXResourcesBuildPhase section */
		CC3EE3272D8BEC4D00A64A09 /* Resources */ = {
			isa = PBXResourcesBuildPhase;
			buildActionMask = 2147483647;
			files = (
			);
			runOnlyForDeploymentPostprocessing = 0;
		};
		CC3EE3372D8BEC5200A64A09 /* Resources */ = {
			isa = PBXResourcesBuildPhase;
			buildActionMask = 2147483647;
			files = (
			);
			runOnlyForDeploymentPostprocessing = 0;
		};
		CC3EE3412D8BEC5200A64A09 /* Resources */ = {
			isa = PBXResourcesBuildPhase;
			buildActionMask = 2147483647;
			files = (
			);
			runOnlyForDeploymentPostprocessing = 0;
		};
/* End PBXResourcesBuildPhase section */

/* Begin PBXSourcesBuildPhase section */
		CC3EE3252D8BEC4D00A64A09 /* Sources */ = {
			isa = PBXSourcesBuildPhase;
			buildActionMask = 2147483647;
			files = (
			);
			runOnlyForDeploymentPostprocessing = 0;
		};
		CC3EE3352D8BEC5200A64A09 /* Sources */ = {
			isa = PBXSourcesBuildPhase;
			buildActionMask = 2147483647;
			files = (
			);
			runOnlyForDeploymentPostprocessing = 0;
		};
		CC3EE33F2D8BEC5200A64A09 /* Sources */ = {
			isa = PBXSourcesBuildPhase;
			buildActionMask = 2147483647;
			files = (
			);
			runOnlyForDeploymentPostprocessing = 0;
		};
/* End PBXSourcesBuildPhase section */

/* Begin PBXTargetDependency section */
		CC3EE33B2D8BEC5200A64A09 /* PBXTargetDependency */ = {
			isa = PBXTargetDependency;
			target = CC3EE3282D8BEC4D00A64A09 /* AvalonAI */;
			targetProxy = CC3EE33A2D8BEC5200A64A09 /* PBXContainerItemProxy */;
		};
		CC3EE3452D8BEC5200A64A09 /* PBXTargetDependency */ = {
			isa = PBXTargetDependency;
			target = CC3EE3282D8BEC4D00A64A09 /* AvalonAI */;
			targetProxy = CC3EE3442D8BEC5200A64A09 /* PBXContainerItemProxy */;
		};
/* End PBXTargetDependency section */

/* Begin XCBuildConfiguration section */
		CC3EE34B2D8BEC5200A64A09 /* Debug */ = {
			isa = XCBuildConfiguration;
			buildSettings = {
				ALWAYS_SEARCH_USER_PATHS = NO;
				ASSETCATALOG_COMPILER_GENERATE_SWIFT_ASSET_SYMBOL_EXTENSIONS = YES;
				CLANG_ANALYZER_NONNULL = YES;
				CLANG_ANALYZER_NUMBER_OBJECT_CONVERSION = YES_AGGRESSIVE;
				CLANG_CXX_LANGUAGE_STANDARD = "gnu++20";
				CLANG_ENABLE_MODULES = YES;
				CLANG_ENABLE_OBJC_ARC = YES;
				CLANG_ENABLE_OBJC_WEAK = YES;
				CLANG_WARN_BLOCK_CAPTURE_AUTORELEASING = YES;
				CLANG_WARN_BOOL_CONVERSION = YES;
				CLANG_WARN_COMMA = YES;
				CLANG_WARN_CONSTANT_CONVERSION = YES;
				CLANG_WARN_DEPRECATED_OBJC_IMPLEMENTATIONS = YES;
				CLANG_WARN_DIRECT_OBJC_ISA_USAGE = YES_ERROR;
				CLANG_WARN_DOCUMENTATION_COMMENTS = YES;
				CLANG_WARN_EMPTY_BODY = YES;
				CLANG_WARN_ENUM_CONVERSION = YES;
				CLANG_WARN_INFINITE_RECURSION = YES;
				CLANG_WARN_INT_CONVERSION = YES;
				CLANG_WARN_NON_LITERAL_NULL_CONVERSION = YES;
				CLANG_WARN_OBJC_IMPLICIT_RETAIN_SELF = YES;
				CLANG_WARN_OBJC_LITERAL_CONVERSION = YES;
				CLANG_WARN_OBJC_ROOT_CLASS = YES_ERROR;
				CLANG_WARN_QUOTED_INCLUDE_IN_FRAMEWORK_HEADER = YES;
				CLANG_WARN_RANGE_LOOP_ANALYSIS = YES;
				CLANG_WARN_STRICT_PROTOTYPES = YES;
				CLANG_WARN_SUSPICIOUS_MOVE = YES;
				CLANG_WARN_UNGUARDED_AVAILABILITY = YES_AGGRESSIVE;
				CLANG_WARN_UNREACHABLE_CODE = YES;
				CLANG_WARN__DUPLICATE_METHOD_MATCH = YES;
				COPY_PHASE_STRIP = NO;
				DEBUG_INFORMATION_FORMAT = dwarf;
				ENABLE_STRICT_OBJC_MSGSEND = YES;
				ENABLE_TESTABILITY = YES;
				ENABLE_USER_SCRIPT_SANDBOXING = YES;
				GCC_C_LANGUAGE_STANDARD = gnu17;
				GCC_DYNAMIC_NO_PIC = NO;
				GCC_NO_COMMON_BLOCKS = YES;
				GCC_OPTIMIZATION_LEVEL = 0;
				GCC_PREPROCESSOR_DEFINITIONS = (
					"DEBUG=1",
					"$(inherited)",
				);
				GCC_WARN_64_TO_32_BIT_CONVERSION = YES;
				GCC_WARN_ABOUT_RETURN_TYPE = YES_ERROR;
				GCC_WARN_UNDECLARED_SELECTOR = YES;
				GCC_WARN_UNINITIALIZED_AUTOS = YES_AGGRESSIVE;
				GCC_WARN_UNUSED_FUNCTION = YES;
				GCC_WARN_UNUSED_VARIABLE = YES;
				IPHONEOS_DEPLOYMENT_TARGET = 18.2;
				LOCALIZATION_PREFERS_STRING_CATALOGS = YES;
				MTL_ENABLE_DEBUG_INFO = INCLUDE_SOURCE;
				MTL_FAST_MATH = YES;
				ONLY_ACTIVE_ARCH = YES;
				SDKROOT = iphoneos;
				SWIFT_ACTIVE_COMPILATION_CONDITIONS = "DEBUG $(inherited)";
				SWIFT_OPTIMIZATION_LEVEL = "-Onone";
			};
			name = Debug;
		};
		CC3EE34C2D8BEC5200A64A09 /* Release */ = {
			isa = XCBuildConfiguration;
			buildSettings = {
				ALWAYS_SEARCH_USER_PATHS = NO;
				ASSETCATALOG_COMPILER_GENERATE_SWIFT_ASSET_SYMBOL_EXTENSIONS = YES;
				CLANG_ANALYZER_NONNULL = YES;
				CLANG_ANALYZER_NUMBER_OBJECT_CONVERSION = YES_AGGRESSIVE;
				CLANG_CXX_LANGUAGE_STANDARD = "gnu++20";
				CLANG_ENABLE_MODULES = YES;
				CLANG_ENABLE_OBJC_ARC = YES;
				CLANG_ENABLE_OBJC_WEAK = YES;
				CLANG_WARN_BLOCK_CAPTURE_AUTORELEASING = YES;
				CLANG_WARN_BOOL_CONVERSION = YES;
				CLANG_WARN_COMMA = YES;
				CLANG_WARN_CONSTANT_CONVERSION = YES;
				CLANG_WARN_DEPRECATED_OBJC_IMPLEMENTATIONS = YES;
				CLANG_WARN_DIRECT_OBJC_ISA_USAGE = YES_ERROR;
				CLANG_WARN_DOCUMENTATION_COMMENTS = YES;
				CLANG_WARN_EMPTY_BODY = YES;
				CLANG_WARN_ENUM_CONVERSION = YES;
				CLANG_WARN_INFINITE_RECURSION = YES;
				CLANG_WARN_INT_CONVERSION = YES;
				CLANG_WARN_NON_LITERAL_NULL_CONVERSION = YES;
				CLANG_WARN_OBJC_IMPLICIT_RETAIN_SELF = YES;
				CLANG_WARN_OBJC_LITERAL_CONVERSION = YES;
				CLANG_WARN_OBJC_ROOT_CLASS = YES_ERROR;
				CLANG_WARN_QUOTED_INCLUDE_IN_FRAMEWORK_HEADER = YES;
				CLANG_WARN_RANGE_LOOP_ANALYSIS = YES;
				CLANG_WARN_STRICT_PROTOTYPES = YES;
				CLANG_WARN_SUSPICIOUS_MOVE = YES;
				CLANG_WARN_UNGUARDED_AVAILABILITY = YES_AGGRESSIVE;
				CLANG_WARN_UNREACHABLE_CODE = YES;
				CLANG_WARN__DUPLICATE_METHOD_MATCH = YES;
				COPY_PHASE_STRIP = NO;
				DEBUG_INFORMATION_FORMAT = "dwarf-with-dsym";
				ENABLE_NS_ASSERTIONS = NO;
				ENABLE_STRICT_OBJC_MSGSEND = YES;
				ENABLE_USER_SCRIPT_SANDBOXING = YES;
				GCC_C_LANGUAGE_STANDARD = gnu17;
				GCC_NO_COMMON_BLOCKS = YES;
				GCC_WARN_64_TO_32_BIT_CONVERSION = YES;
				GCC_WARN_ABOUT_RETURN_TYPE = YES_ERROR;
				GCC_WARN_UNDECLARED_SELECTOR = YES;
				GCC_WARN_UNINITIALIZED_AUTOS = YES_AGGRESSIVE;
				GCC_WARN_UNUSED_FUNCTION = YES;
				GCC_WARN_UNUSED_VARIABLE = YES;
				IPHONEOS_DEPLOYMENT_TARGET = 18.2;
				LOCALIZATION_PREFERS_STRING_CATALOGS = YES;
				MTL_ENABLE_DEBUG_INFO = NO;
				MTL_FAST_MATH = YES;
				SDKROOT = iphoneos;
				SWIFT_COMPILATION_MODE = wholemodule;
				VALIDATE_PRODUCT = YES;
			};
			name = Release;
		};
		CC3EE34E2D8BEC5200A64A09 /* Debug */ = {
			isa = XCBuildConfiguration;
			buildSettings = {
				ASSETCATALOG_COMPILER_APPICON_NAME = AppIcon;
				ASSETCATALOG_COMPILER_GLOBAL_ACCENT_COLOR_NAME = AccentColor;
				CODE_SIGN_STYLE = Automatic;
				CURRENT_PROJECT_VERSION = 1;
				DEVELOPMENT_ASSET_PATHS = "\"AvalonAI/Preview Content\"";
				DEVELOPMENT_TEAM = LCC6V395P5;
				ENABLE_PREVIEWS = YES;
				GENERATE_INFOPLIST_FILE = YES;
				INFOPLIST_FILE = AvalonAI/Info.plist;
				INFOPLIST_KEY_UIApplicationSceneManifest_Generation = YES;
				INFOPLIST_KEY_UIApplicationSupportsIndirectInputEvents = YES;
				INFOPLIST_KEY_UILaunchScreen_Generation = YES;
				INFOPLIST_KEY_UISupportedInterfaceOrientations_iPad = "UIInterfaceOrientationPortrait UIInterfaceOrientationPortraitUpsideDown";
				INFOPLIST_KEY_UISupportedInterfaceOrientations_iPhone = UIInterfaceOrientationPortrait;
				LD_RUNPATH_SEARCH_PATHS = (
					"$(inherited)",
					"@executable_path/Frameworks",
				);
				MARKETING_VERSION = 1.0;
				PRODUCT_BUNDLE_IDENTIFIER = cal.295.AvalonAI;
				PRODUCT_NAME = "$(TARGET_NAME)";
				SWIFT_EMIT_LOC_STRINGS = YES;
				SWIFT_VERSION = 5.0;
				TARGETED_DEVICE_FAMILY = "1,2";
			};
			name = Debug;
		};
		CC3EE34F2D8BEC5200A64A09 /* Release */ = {
			isa = XCBuildConfiguration;
			buildSettings = {
				ASSETCATALOG_COMPILER_APPICON_NAME = AppIcon;
				ASSETCATALOG_COMPILER_GLOBAL_ACCENT_COLOR_NAME = AccentColor;
				CODE_SIGN_STYLE = Automatic;
				CURRENT_PROJECT_VERSION = 1;
				DEVELOPMENT_ASSET_PATHS = "\"AvalonAI/Preview Content\"";
				DEVELOPMENT_TEAM = LCC6V395P5;
				ENABLE_PREVIEWS = YES;
				GENERATE_INFOPLIST_FILE = YES;
				INFOPLIST_FILE = AvalonAI/Info.plist;
				INFOPLIST_KEY_UIApplicationSceneManifest_Generation = YES;
				INFOPLIST_KEY_UIApplicationSupportsIndirectInputEvents = YES;
				INFOPLIST_KEY_UILaunchScreen_Generation = YES;
				INFOPLIST_KEY_UISupportedInterfaceOrientations_iPad = "UIInterfaceOrientationPortrait UIInterfaceOrientationPortraitUpsideDown";
				INFOPLIST_KEY_UISupportedInterfaceOrientations_iPhone = UIInterfaceOrientationPortrait;
				LD_RUNPATH_SEARCH_PATHS = (
					"$(inherited)",
					"@executable_path/Frameworks",
				);
				MARKETING_VERSION = 1.0;
				PRODUCT_BUNDLE_IDENTIFIER = cal.295.AvalonAI;
				PRODUCT_NAME = "$(TARGET_NAME)";
				SWIFT_EMIT_LOC_STRINGS = YES;
				SWIFT_VERSION = 5.0;
				TARGETED_DEVICE_FAMILY = "1,2";
			};
			name = Release;
		};
		CC3EE3512D8BEC5200A64A09 /* Debug */ = {
			isa = XCBuildConfiguration;
			buildSettings = {
				BUNDLE_LOADER = "$(TEST_HOST)";
				CODE_SIGN_STYLE = Automatic;
				CURRENT_PROJECT_VERSION = 1;
				DEVELOPMENT_TEAM = LCC6V395P5;
				GENERATE_INFOPLIST_FILE = YES;
				IPHONEOS_DEPLOYMENT_TARGET = 18.2;
				MARKETING_VERSION = 1.0;
				PRODUCT_BUNDLE_IDENTIFIER = cal.295.AvalonAITests;
				PRODUCT_NAME = "$(TARGET_NAME)";
				SWIFT_EMIT_LOC_STRINGS = NO;
				SWIFT_VERSION = 5.0;
				TARGETED_DEVICE_FAMILY = "1,2";
				TEST_HOST = "$(BUILT_PRODUCTS_DIR)/AvalonAI.app/$(BUNDLE_EXECUTABLE_FOLDER_PATH)/AvalonAI";
			};
			name = Debug;
		};
		CC3EE3522D8BEC5200A64A09 /* Release */ = {
			isa = XCBuildConfiguration;
			buildSettings = {
				BUNDLE_LOADER = "$(TEST_HOST)";
				CODE_SIGN_STYLE = Automatic;
				CURRENT_PROJECT_VERSION = 1;
				DEVELOPMENT_TEAM = LCC6V395P5;
				GENERATE_INFOPLIST_FILE = YES;
				IPHONEOS_DEPLOYMENT_TARGET = 18.2;
				MARKETING_VERSION = 1.0;
				PRODUCT_BUNDLE_IDENTIFIER = cal.295.AvalonAITests;
				PRODUCT_NAME = "$(TARGET_NAME)";
				SWIFT_EMIT_LOC_STRINGS = NO;
				SWIFT_VERSION = 5.0;
				TARGETED_DEVICE_FAMILY = "1,2";
				TEST_HOST = "$(BUILT_PRODUCTS_DIR)/AvalonAI.app/$(BUNDLE_EXECUTABLE_FOLDER_PATH)/AvalonAI";
			};
			name = Release;
		};
		CC3EE3542D8BEC5200A64A09 /* Debug */ = {
			isa = XCBuildConfiguration;
			buildSettings = {
				CODE_SIGN_STYLE = Automatic;
				CURRENT_PROJECT_VERSION = 1;
				DEVELOPMENT_TEAM = LCC6V395P5;
				GENERATE_INFOPLIST_FILE = YES;
				MARKETING_VERSION = 1.0;
				PRODUCT_BUNDLE_IDENTIFIER = cal.295.AvalonAIUITests;
				PRODUCT_NAME = "$(TARGET_NAME)";
				SWIFT_EMIT_LOC_STRINGS = NO;
				SWIFT_VERSION = 5.0;
				TARGETED_DEVICE_FAMILY = "1,2";
				TEST_TARGET_NAME = AvalonAI;
			};
			name = Debug;
		};
		CC3EE3552D8BEC5200A64A09 /* Release */ = {
			isa = XCBuildConfiguration;
			buildSettings = {
				CODE_SIGN_STYLE = Automatic;
				CURRENT_PROJECT_VERSION = 1;
				DEVELOPMENT_TEAM = LCC6V395P5;
				GENERATE_INFOPLIST_FILE = YES;
				MARKETING_VERSION = 1.0;
				PRODUCT_BUNDLE_IDENTIFIER = cal.295.AvalonAIUITests;
				PRODUCT_NAME = "$(TARGET_NAME)";
				SWIFT_EMIT_LOC_STRINGS = NO;
				SWIFT_VERSION = 5.0;
				TARGETED_DEVICE_FAMILY = "1,2";
				TEST_TARGET_NAME = AvalonAI;
			};
			name = Release;
		};
/* End XCBuildConfiguration section */

/* Begin XCConfigurationList section */
		CC3EE3242D8BEC4D00A64A09 /* Build configuration list for PBXProject "AvalonAI" */ = {
			isa = XCConfigurationList;
			buildConfigurations = (
				CC3EE34B2D8BEC5200A64A09 /* Debug */,
				CC3EE34C2D8BEC5200A64A09 /* Release */,
			);
			defaultConfigurationIsVisible = 0;
			defaultConfigurationName = Release;
		};
		CC3EE34D2D8BEC5200A64A09 /* Build configuration list for PBXNativeTarget "AvalonAI" */ = {
			isa = XCConfigurationList;
			buildConfigurations = (
				CC3EE34E2D8BEC5200A64A09 /* Debug */,
				CC3EE34F2D8BEC5200A64A09 /* Release */,
			);
			defaultConfigurationIsVisible = 0;
			defaultConfigurationName = Release;
		};
		CC3EE3502D8BEC5200A64A09 /* Build configuration list for PBXNativeTarget "AvalonAITests" */ = {
			isa = XCConfigurationList;
			buildConfigurations = (
				CC3EE3512D8BEC5200A64A09 /* Debug */,
				CC3EE3522D8BEC5200A64A09 /* Release */,
			);
			defaultConfigurationIsVisible = 0;
			defaultConfigurationName = Release;
		};
		CC3EE3532D8BEC5200A64A09 /* Build configuration list for PBXNativeTarget "AvalonAIUITests" */ = {
			isa = XCConfigurationList;
			buildConfigurations = (
				CC3EE3542D8BEC5200A64A09 /* Debug */,
				CC3EE3552D8BEC5200A64A09 /* Release */,
			);
			defaultConfigurationIsVisible = 0;
			defaultConfigurationName = Release;
		};
/* End XCConfigurationList section */
	};
	rootObject = CC3EE3212D8BEC4D00A64A09 /* Project object */;
}
